
Microsoft Visual Studio Solution File, Format Version 12.00
# Visual Studio 2012
Project("{FAE04EC0-301F-11D3-BF4B-00C04F79EFBC}") = "TTCarProject", "TTCarProject\TTCarProject.csproj", "{07A6EF3A-D989-428D-939F-391DB5A33C41}"
EndProject
Project("{6141683F-8A12-4E36-9623-2EB02B2C2303}") = "Setup2", "Setup2\Setup2.isproj", "{7543356C-7329-47AD-A62B-597D173B1FE7}"
	ProjectSection(ProjectDependencies) = postProject
		{07A6EF3A-D989-428D-939F-391DB5A33C41} = {07A6EF3A-D989-428D-939F-391DB5A33C41}
	EndProjectSection
EndProject
Global
	GlobalSection(SolutionConfigurationPlatforms) = preSolution
		CD_ROM|Any CPU = CD_ROM|Any CPU
		CD_ROM|x64 = CD_ROM|x64
		CD_ROM|x86 = CD_ROM|x86
		Debug|Any CPU = Debug|Any CPU
		Debug|x64 = Debug|x64
		Debug|x86 = Debug|x86
		DVD-5|Any CPU = DVD-5|Any CPU
		DVD-5|x64 = DVD-5|x64
		DVD-5|x86 = DVD-5|x86
		Release|Any CPU = Release|Any CPU
		Release|x64 = Release|x64
		Release|x86 = Release|x86
		SingleImage|Any CPU = SingleImage|Any CPU
		SingleImage|x64 = SingleImage|x64
		SingleImage|x86 = SingleImage|x86
	EndGlobalSection
	GlobalSection(ProjectConfigurationPlatforms) = postSolution
		{07A6EF3A-D989-428D-939F-391DB5A33C41}.CD_ROM|Any CPU.ActiveCfg = Release|Any CPU
		{07A6EF3A-D989-428D-939F-391DB5A33C41}.CD_ROM|Any CPU.Build.0 = Release|Any CPU
		{07A6EF3A-D989-428D-939F-391DB5A33C41}.CD_ROM|x64.ActiveCfg = Release|Any CPU
		{07A6EF3A-D989-428D-939F-391DB5A33C41}.CD_ROM|x86.ActiveCfg = Release|Any CPU
		{07A6EF3A-D989-428D-939F-391DB5A33C41}.Debug|Any CPU.ActiveCfg = Debug|Any CPU
		{07A6EF3A-D989-428D-939F-391DB5A33C41}.Debug|Any CPU.Build.0 = Debug|Any CPU
		{07A6EF3A-D989-428D-939F-391DB5A33C41}.Debug|x64.ActiveCfg = Debug|Any CPU
		{07A6EF3A-D989-428D-939F-391DB5A33C41}.Debug|x64.Build.0 = Debug|Any CPU
		{07A6EF3A-D989-428D-939F-391DB5A33C41}.Debug|x86.ActiveCfg = Debug|Any CPU
		{07A6EF3A-D989-428D-939F-391DB5A33C41}.Debug|x86.Build.0 = Debug|Any CPU
		{07A6EF3A-D989-428D-939F-391DB5A33C41}.DVD-5|Any CPU.ActiveCfg = Debug|Any CPU
		{07A6EF3A-D989-428D-939F-391DB5A33C41}.DVD-5|Any CPU.Build.0 = Debug|Any CPU
		{07A6EF3A-D989-428D-939F-391DB5A33C41}.DVD-5|x64.ActiveCfg = Debug|Any CPU
		{07A6EF3A-D989-428D-939F-391DB5A33C41}.DVD-5|x86.ActiveCfg = Debug|Any CPU
		{07A6EF3A-D989-428D-939F-391DB5A33C41}.Release|Any CPU.ActiveCfg = Release|Any CPU
		{07A6EF3A-D989-428D-939F-391DB5A33C41}.Release|Any CPU.Build.0 = Release|Any CPU
		{07A6EF3A-D989-428D-939F-391DB5A33C41}.Release|x64.ActiveCfg = Release|Any CPU
		{07A6EF3A-D989-428D-939F-391DB5A33C41}.Release|x64.Build.0 = Release|Any CPU
		{07A6EF3A-D989-428D-939F-391DB5A33C41}.Release|x86.ActiveCfg = Release|Any CPU
		{07A6EF3A-D989-428D-939F-391DB5A33C41}.Release|x86.Build.0 = Release|Any CPU
		{07A6EF3A-D989-428D-939F-391DB5A33C41}.SingleImage|Any CPU.ActiveCfg = Release|Any CPU
		{07A6EF3A-D989-428D-939F-391DB5A33C41}.SingleImage|Any CPU.Build.0 = Release|Any CPU
		{07A6EF3A-D989-428D-939F-391DB5A33C41}.SingleImage|x64.ActiveCfg = Release|Any CPU
		{07A6EF3A-D989-428D-939F-391DB5A33C41}.SingleImage|x86.ActiveCfg = Release|Any CPU
		{7543356C-7329-47AD-A62B-597D173B1FE7}.CD_ROM|Any CPU.ActiveCfg = CD_ROM
		{7543356C-7329-47AD-A62B-597D173B1FE7}.CD_ROM|Any CPU.Build.0 = CD_ROM
		{7543356C-7329-47AD-A62B-597D173B1FE7}.CD_ROM|x64.ActiveCfg = CD_ROM
		{7543356C-7329-47AD-A62B-597D173B1FE7}.CD_ROM|x64.Build.0 = CD_ROM
		{7543356C-7329-47AD-A62B-597D173B1FE7}.CD_ROM|x86.ActiveCfg = CD_ROM
		{7543356C-7329-47AD-A62B-597D173B1FE7}.CD_ROM|x86.Build.0 = CD_ROM
		{7543356C-7329-47AD-A62B-597D173B1FE7}.Debug|Any CPU.ActiveCfg = DVD-5
		{7543356C-7329-47AD-A62B-597D173B1FE7}.Debug|Any CPU.Build.0 = DVD-5
		{7543356C-7329-47AD-A62B-597D173B1FE7}.Debug|x64.ActiveCfg = DVD-5
		{7543356C-7329-47AD-A62B-597D173B1FE7}.Debug|x64.Build.0 = DVD-5
		{7543356C-7329-47AD-A62B-597D173B1FE7}.Debug|x86.ActiveCfg = DVD-5
		{7543356C-7329-47AD-A62B-597D173B1FE7}.Debug|x86.Build.0 = DVD-5
		{7543356C-7329-47AD-A62B-597D173B1FE7}.DVD-5|Any CPU.ActiveCfg = DVD-5
		{7543356C-7329-47AD-A62B-597D173B1FE7}.DVD-5|Any CPU.Build.0 = DVD-5
		{7543356C-7329-47AD-A62B-597D173B1FE7}.DVD-5|x64.ActiveCfg = DVD-5
		{7543356C-7329-47AD-A62B-597D173B1FE7}.DVD-5|x64.Build.0 = DVD-5
		{7543356C-7329-47AD-A62B-597D173B1FE7}.DVD-5|x86.ActiveCfg = DVD-5
		{7543356C-7329-47AD-A62B-597D173B1FE7}.DVD-5|x86.Build.0 = DVD-5
		{7543356C-7329-47AD-A62B-597D173B1FE7}.Release|Any CPU.ActiveCfg = SingleImage
		{7543356C-7329-47AD-A62B-597D173B1FE7}.Release|Any CPU.Build.0 = SingleImage
		{7543356C-7329-47AD-A62B-597D173B1FE7}.Release|x64.ActiveCfg = SingleImage
		{7543356C-7329-47AD-A62B-597D173B1FE7}.Release|x64.Build.0 = SingleImage
		{7543356C-7329-47AD-A62B-597D173B1FE7}.Release|x86.ActiveCfg = SingleImage
		{7543356C-7329-47AD-A62B-597D173B1FE7}.Release|x86.Build.0 = SingleImage
		{7543356C-7329-47AD-A62B-597D173B1FE7}.SingleImage|Any CPU.ActiveCfg = SingleImage
		{7543356C-7329-47AD-A62B-597D173B1FE7}.SingleImage|Any CPU.Build.0 = SingleImage
		{7543356C-7329-47AD-A62B-597D173B1FE7}.SingleImage|x64.ActiveCfg = SingleImage
		{7543356C-7329-47AD-A62B-597D173B1FE7}.SingleImage|x64.Build.0 = SingleImage
		{7543356C-7329-47AD-A62B-597D173B1FE7}.SingleImage|x86.ActiveCfg = SingleImage
		{7543356C-7329-47AD-A62B-597D173B1FE7}.SingleImage|x86.Build.0 = SingleImage
	EndGlobalSection
	GlobalSection(SolutionProperties) = preSolution
		HideSolutionNode = FALSE
	EndGlobalSection
	GlobalSection(ExtensibilityGlobals) = postSolution
		SolutionGuid = {45C2C24B-2CA6-423E-BC55-E23DA85B2A31}
	EndGlobalSection
EndGlobal
